
Microsoft Visual Studio Solution File, Format Version 12.00
# Visual Studio Version 17
VisualStudioVersion = 17.2.32526.322
MinimumVisualStudioVersion = 10.0.40219.1
Project("{FAE04EC0-301F-11D3-BF4B-00C04F79EFBC}") = "ObjectOrientedPrograms", "ObjectOrientedPrograms\ObjectOrientedPrograms.csproj", "{03D0FB82-C695-43AC-9E2F-D2AAC9DC3E20}"
EndProject
Global
	GlobalSection(SolutionConfigurationPlatforms) = preSolution
		Debug|Any CPU = Debug|Any CPU
		Release|Any CPU = Release|Any CPU
	EndGlobalSection
	GlobalSection(ProjectConfigurationPlatforms) = postSolution
		{03D0FB82-C695-43AC-9E2F-D2AAC9DC3E20}.Debug|Any CPU.ActiveCfg = Debug|Any CPU
		{03D0FB82-C695-43AC-9E2F-D2AAC9DC3E20}.Debug|Any CPU.Build.0 = Debug|Any CPU
		{03D0FB82-C695-43AC-9E2F-D2AAC9DC3E20}.Release|Any CPU.ActiveCfg = Release|Any CPU
		{03D0FB82-C695-43AC-9E2F-D2AAC9DC3E20}.Release|Any CPU.Build.0 = Release|Any CPU
	EndGlobalSection
	GlobalSection(SolutionProperties) = preSolution
		HideSolutionNode = FALSE
	EndGlobalSection
	GlobalSection(ExtensibilityGlobals) = postSolution
		SolutionGuid = {82B7DEB5-DEC7-4CA7-90A3-345BBBC0DC16}
	EndGlobalSection
EndGlobal
